
Microsoft Visual Studio Solution File, Format Version 12.00
# Visual Studio Version 16
VisualStudioVersion = 16.0.31321.278
MinimumVisualStudioVersion = 10.0.40219.1
Project("{FAE04EC0-301F-11D3-BF4B-00C04F79EFBC}") = "Simulation-8", "Simulation-8\Simulation-8.csproj", "{D803686B-62AB-452E-9AA3-6B3F0C68166F}"
EndProject
Global
	GlobalSection(SolutionConfigurationPlatforms) = preSolution
		Debug|Any CPU = Debug|Any CPU
		Release|Any CPU = Release|Any CPU
	EndGlobalSection
	GlobalSection(ProjectConfigurationPlatforms) = postSolution
		{D803686B-62AB-452E-9AA3-6B3F0C68166F}.Debug|Any CPU.ActiveCfg = Debug|Any CPU
		{D803686B-62AB-452E-9AA3-6B3F0C68166F}.Debug|Any CPU.Build.0 = Debug|Any CPU
		{D803686B-62AB-452E-9AA3-6B3F0C68166F}.Release|Any CPU.ActiveCfg = Release|Any CPU
		{D803686B-62AB-452E-9AA3-6B3F0C68166F}.Release|Any CPU.Build.0 = Release|Any CPU
	EndGlobalSection
	GlobalSection(SolutionProperties) = preSolution
		HideSolutionNode = FALSE
	EndGlobalSection
	GlobalSection(ExtensibilityGlobals) = postSolution
		SolutionGuid = {14E62AE9-6A97-48D2-856D-8441A4B8CF17}
	EndGlobalSection
EndGlobal
